
Microsoft Visual Studio Solution File, Format Version 12.00
# Visual Studio Version 17
VisualStudioVersion = 17.9.34622.214
MinimumVisualStudioVersion = 10.0.40219.1
Project("{FAE04EC0-301F-11D3-BF4B-00C04F79EFBC}") = "WebApplication2", "WebApplication2\WebApplication2.csproj", "{DA96F915-DDF2-439A-BBE3-F034F9D45A2E}"
EndProject
Global
	GlobalSection(SolutionConfigurationPlatforms) = preSolution
		Debug|Any CPU = Debug|Any CPU
		Release|Any CPU = Release|Any CPU
	EndGlobalSection
	GlobalSection(ProjectConfigurationPlatforms) = postSolution
		{DA96F915-DDF2-439A-BBE3-F034F9D45A2E}.Debug|Any CPU.ActiveCfg = Debug|Any CPU
		{DA96F915-DDF2-439A-BBE3-F034F9D45A2E}.Debug|Any CPU.Build.0 = Debug|Any CPU
		{DA96F915-DDF2-439A-BBE3-F034F9D45A2E}.Release|Any CPU.ActiveCfg = Release|Any CPU
		{DA96F915-DDF2-439A-BBE3-F034F9D45A2E}.Release|Any CPU.Build.0 = Release|Any CPU
	EndGlobalSection
	GlobalSection(SolutionProperties) = preSolution
		HideSolutionNode = FALSE
	EndGlobalSection
	GlobalSection(ExtensibilityGlobals) = postSolution
		SolutionGuid = {8C28FAC0-E755-4B73-8BF5-68CBA845A12A}
	EndGlobalSection
EndGlobal
